dependencies:
- name: mongodb
  repository: https://charts.bitnami.com/bitnami
  version: 13.10.1
- name: nats
  repository: https://nats-io.github.io/k8s/helm/charts/
  version: 0.19.5
- name: common
  repository: file://../common
  version: 0.2.0
digest: sha256:32744e5552af42f5744ae320e3d64693401ab097e65a2422cd256e384ad0f7fd
generated: "2023-04-30T10:38:20.190891317Z"
